// !$*UTF8*$!
{
	archiveVersion = 1;
	classes = {
	};
	objectVersion = 50;
	objects = {

/* Begin PBXBuildFile section */
		BC5B4FCC213A601D00120BE1 /* AppDelegate.m in Sources */ = {isa = PBXBuildFile; fileRef = BC5B4FCB213A601D00120BE1 /* AppDelegate.m */; };
		BC5B4FD2213A601D00120BE1 /* Main.storyboard in Resources */ = {isa = PBXBuildFile; fileRef = BC5B4FD0213A601D00120BE1 /* Main.storyboard */; };
		BC5B4FD4213A602000120BE1 /* Assets.xcassets in Resources */ = {isa = PBXBuildFile; fileRef = BC5B4FD3213A602000120BE1 /* Assets.xcassets */; };
		BC5B4FD7213A602000120BE1 /* LaunchScreen.storyboard in Resources */ = {isa = PBXBuildFile; fileRef = BC5B4FD5213A602000120BE1 /* LaunchScreen.storyboard */; };
		BC5B4FDA213A602000120BE1 /* main.m in Sources */ = {isa = PBXBuildFile; fileRef = BC5B4FD9213A602000120BE1 /* main.m */; };
		BC5B4FE4213A602000120BE1 /* ChatRobotTests.m in Sources */ = {isa = PBXBuildFile; fileRef = BC5B4FE3213A602000120BE1 /* ChatRobotTests.m */; };
		BC5B4FEF213A602000120BE1 /* ChatRobotUITests.m in Sources */ = {isa = PBXBuildFile; fileRef = BC5B4FEE213A602000120BE1 /* ChatRobotUITests.m */; };
		BC5B5060213A62D500120BE1 /* JSQMessagesCollectionViewLayoutAttributes.m in Sources */ = {isa = PBXBuildFile; fileRef = BC5B4FFF213A62D500120BE1 /* JSQMessagesCollectionViewLayoutAttributes.m */; };
		BC5B5061213A62D500120BE1 /* JSQMessagesBubblesSizeCalculator.m in Sources */ = {isa = PBXBuildFile; fileRef = BC5B5000213A62D500120BE1 /* JSQMessagesBubblesSizeCalculator.m */; };
		BC5B5062213A62D500120BE1 /* JSQAudioMediaViewAttributes.m in Sources */ = {isa = PBXBuildFile; fileRef = BC5B5001213A62D500120BE1 /* JSQAudioMediaViewAttributes.m */; };
		BC5B5063213A62D500120BE1 /* JSQMessagesCollectionViewFlowLayoutInvalidationContext.m in Sources */ = {isa = PBXBuildFile; fileRef = BC5B5003213A62D500120BE1 /* JSQMessagesCollectionViewFlowLayoutInvalidationContext.m */; };
		BC5B5064213A62D500120BE1 /* JSQMessagesCollectionViewFlowLayout.m in Sources */ = {isa = PBXBuildFile; fileRef = BC5B5008213A62D500120BE1 /* JSQMessagesCollectionViewFlowLayout.m */; };
		BC5B5065213A62D500120BE1 /* JSQMessagesBubbleImageFactory.m in Sources */ = {isa = PBXBuildFile; fileRef = BC5B500C213A62D500120BE1 /* JSQMessagesBubbleImageFactory.m */; };
		BC5B5066213A62D500120BE1 /* JSQMessagesAvatarImageFactory.m in Sources */ = {isa = PBXBuildFile; fileRef = BC5B5011213A62D500120BE1 /* JSQMessagesAvatarImageFactory.m */; };
		BC5B5067213A62D500120BE1 /* JSQMessagesToolbarButtonFactory.m in Sources */ = {isa = PBXBuildFile; fileRef = BC5B5013213A62D500120BE1 /* JSQMessagesToolbarButtonFactory.m */; };
		BC5B5068213A62D500120BE1 /* JSQMessagesVideoThumbnailFactory.m in Sources */ = {isa = PBXBuildFile; fileRef = BC5B5014213A62D500120BE1 /* JSQMessagesVideoThumbnailFactory.m */; };
		BC5B5069213A62D500120BE1 /* JSQMessagesTimestampFormatter.m in Sources */ = {isa = PBXBuildFile; fileRef = BC5B5015213A62D500120BE1 /* JSQMessagesTimestampFormatter.m */; };
		BC5B506A213A62D500120BE1 /* JSQMessagesMediaViewBubbleImageMasker.m in Sources */ = {isa = PBXBuildFile; fileRef = BC5B5016213A62D500120BE1 /* JSQMessagesMediaViewBubbleImageMasker.m */; };
		BC5B506B213A62D500120BE1 /* JSQAudioMediaItem.m in Sources */ = {isa = PBXBuildFile; fileRef = BC5B501A213A62D500120BE1 /* JSQAudioMediaItem.m */; };
		BC5B506C213A62D500120BE1 /* JSQMessagesAvatarImage.m in Sources */ = {isa = PBXBuildFile; fileRef = BC5B501D213A62D500120BE1 /* JSQMessagesAvatarImage.m */; };
		BC5B506D213A62D500120BE1 /* JSQLocationMediaItem.m in Sources */ = {isa = PBXBuildFile; fileRef = BC5B5027213A62D500120BE1 /* JSQLocationMediaItem.m */; };
		BC5B506E213A62D500120BE1 /* JSQMessagesBubbleImage.m in Sources */ = {isa = PBXBuildFile; fileRef = BC5B5028213A62D500120BE1 /* JSQMessagesBubbleImage.m */; };
		BC5B506F213A62D500120BE1 /* JSQPhotoMediaItem.m in Sources */ = {isa = PBXBuildFile; fileRef = BC5B5029213A62D500120BE1 /* JSQPhotoMediaItem.m */; };
		BC5B5070213A62D500120BE1 /* JSQMessage.m in Sources */ = {isa = PBXBuildFile; fileRef = BC5B502B213A62D500120BE1 /* JSQMessage.m */; };
		BC5B5071213A62D500120BE1 /* JSQMediaItem.m in Sources */ = {isa = PBXBuildFile; fileRef = BC5B502C213A62D500120BE1 /* JSQMediaItem.m */; };
		BC5B5072213A62D500120BE1 /* JSQVideoMediaItem.m in Sources */ = {isa = PBXBuildFile; fileRef = BC5B502D213A62D500120BE1 /* JSQVideoMediaItem.m */; };
		BC5B5073213A62D500120BE1 /* JSQMessagesViewController.m in Sources */ = {isa = PBXBuildFile; fileRef = BC5B5030213A62D500120BE1 /* JSQMessagesViewController.m */; };
		BC5B5074213A62D500120BE1 /* JSQMessagesViewController.xib in Resources */ = {isa = PBXBuildFile; fileRef = BC5B5031213A62D500120BE1 /* JSQMessagesViewController.xib */; };
		BC5B5075213A62D500120BE1 /* JSQMessagesComposerTextView.m in Sources */ = {isa = PBXBuildFile; fileRef = BC5B5034213A62D500120BE1 /* JSQMessagesComposerTextView.m */; };
		BC5B5076213A62D500120BE1 /* JSQMessagesToolbarContentView.m in Sources */ = {isa = PBXBuildFile; fileRef = BC5B5036213A62D500120BE1 /* JSQMessagesToolbarContentView.m */; };
		BC5B5077213A62D500120BE1 /* JSQMessagesMediaPlaceholderView.m in Sources */ = {isa = PBXBuildFile; fileRef = BC5B5038213A62D500120BE1 /* JSQMessagesMediaPlaceholderView.m */; };
		BC5B5078213A62D500120BE1 /* JSQMessagesLoadEarlierHeaderView.xib in Resources */ = {isa = PBXBuildFile; fileRef = BC5B503C213A62D500120BE1 /* JSQMessagesLoadEarlierHeaderView.xib */; };
		BC5B5079213A62D500120BE1 /* JSQMessagesCollectionViewCellOutgoing.xib in Resources */ = {isa = PBXBuildFile; fileRef = BC5B5042213A62D500120BE1 /* JSQMessagesCollectionViewCellOutgoing.xib */; };
		BC5B507A213A62D500120BE1 /* JSQMessagesTypingIndicatorFooterView.xib in Resources */ = {isa = PBXBuildFile; fileRef = BC5B5043213A62D500120BE1 /* JSQMessagesTypingIndicatorFooterView.xib */; };
		BC5B507B213A62D500120BE1 /* JSQMessagesInputToolbar.m in Sources */ = {isa = PBXBuildFile; fileRef = BC5B5044213A62D500120BE1 /* JSQMessagesInputToolbar.m */; };
		BC5B507C213A62D500120BE1 /* JSQMessagesCollectionViewCellIncoming.m in Sources */ = {isa = PBXBuildFile; fileRef = BC5B5045213A62D500120BE1 /* JSQMessagesCollectionViewCellIncoming.m */; };
		BC5B507D213A62D500120BE1 /* JSQMessagesTypingIndicatorFooterView.m in Sources */ = {isa = PBXBuildFile; fileRef = BC5B5046213A62D500120BE1 /* JSQMessagesTypingIndicatorFooterView.m */; };
		BC5B507E213A62D500120BE1 /* JSQMessagesLabel.m in Sources */ = {isa = PBXBuildFile; fileRef = BC5B5049213A62D500120BE1 /* JSQMessagesLabel.m */; };
		BC5B507F213A62D500120BE1 /* JSQMessagesLoadEarlierHeaderView.m in Sources */ = {isa = PBXBuildFile; fileRef = BC5B504A213A62D500120BE1 /* JSQMessagesLoadEarlierHeaderView.m */; };
		BC5B5080213A62D500120BE1 /* JSQMessagesCellTextView.m in Sources */ = {isa = PBXBuildFile; fileRef = BC5B504C213A62D500120BE1 /* JSQMessagesCellTextView.m */; };
		BC5B5081213A62D500120BE1 /* JSQMessagesToolbarContentView.xib in Resources */ = {isa = PBXBuildFile; fileRef = BC5B504D213A62D500120BE1 /* JSQMessagesToolbarContentView.xib */; };
		BC5B5082213A62D500120BE1 /* JSQMessagesCollectionViewCell.m in Sources */ = {isa = PBXBuildFile; fileRef = BC5B504E213A62D500120BE1 /* JSQMessagesCollectionViewCell.m */; };
		BC5B5083213A62D500120BE1 /* JSQMessagesCollectionView.m in Sources */ = {isa = PBXBuildFile; fileRef = BC5B504F213A62D500120BE1 /* JSQMessagesCollectionView.m */; };
		BC5B5084213A62D500120BE1 /* JSQMessagesCollectionViewCellOutgoing.m in Sources */ = {isa = PBXBuildFile; fileRef = BC5B5050213A62D500120BE1 /* JSQMessagesCollectionViewCellOutgoing.m */; };
		BC5B5085213A62D500120BE1 /* JSQMessagesTypingView.m in Sources */ = {isa = PBXBuildFile; fileRef = BC5B5051213A62D500120BE1 /* JSQMessagesTypingView.m */; };
		BC5B5086213A62D500120BE1 /* JSQMessagesCollectionViewCellIncoming.xib in Resources */ = {isa = PBXBuildFile; fileRef = BC5B5052213A62D500120BE1 /* JSQMessagesCollectionViewCellIncoming.xib */; };
		BC5B5087213A62D500120BE1 /* JSQMessagesAssets.bundle in Resources */ = {isa = PBXBuildFile; fileRef = BC5B5054213A62D500120BE1 /* JSQMessagesAssets.bundle */; };
		BC5B5088213A62D500120BE1 /* UIImage+JSQMessages.m in Sources */ = {isa = PBXBuildFile; fileRef = BC5B5057213A62D500120BE1 /* UIImage+JSQMessages.m */; };
		BC5B5089213A62D500120BE1 /* UIColor+JSQMessages.m in Sources */ = {isa = PBXBuildFile; fileRef = BC5B5058213A62D500120BE1 /* UIColor+JSQMessages.m */; };
		BC5B508A213A62D500120BE1 /* NSBundle+JSQMessages.m in Sources */ = {isa = PBXBuildFile; fileRef = BC5B505A213A62D500120BE1 /* NSBundle+JSQMessages.m */; };
		BC5B508B213A62D500120BE1 /* NSString+JSQMessages.m in Sources */ = {isa = PBXBuildFile; fileRef = BC5B505B213A62D500120BE1 /* NSString+JSQMessages.m */; };
		BC5B508C213A62D500120BE1 /* UIView+JSQMessages.m in Sources */ = {isa = PBXBuildFile; fileRef = BC5B505E213A62D500120BE1 /* UIView+JSQMessages.m */; };
		BC5B508F213A634400120BE1 /* ChatViewController.m in Sources */ = {isa = PBXBuildFile; fileRef = BC5B508E213A634400120BE1 /* ChatViewController.m */; };
		BC5B5092213A640300120BE1 /* ModelData.m in Sources */ = {isa = PBXBuildFile; fileRef = BC5B5091213A640300120BE1 /* ModelData.m */; };
		BC5B5095213A6C4000120BE1 /* MobileCoreServices.framework in Frameworks */ = {isa = PBXBuildFile; fileRef = BC5B5094213A6C4000120BE1 /* MobileCoreServices.framework */; };
		BC5B5097213A6C4900120BE1 /* MapKit.framework in Frameworks */ = {isa = PBXBuildFile; fileRef = BC5B5096213A6C4900120BE1 /* MapKit.framework */; };
		BC5B5099213A6C5700120BE1 /* CoreLocation.framework in Frameworks */ = {isa = PBXBuildFile; fileRef = BC5B5098213A6C5700120BE1 /* CoreLocation.framework */; };
		BC5B509B213A6C6100120BE1 /* QuartzCore.framework in Frameworks */ = {isa = PBXBuildFile; fileRef = BC5B509A213A6C6100120BE1 /* QuartzCore.framework */; };
		BC5B509D213A6C7100120BE1 /* CoreGraphics.framework in Frameworks */ = {isa = PBXBuildFile; fileRef = BC5B509C213A6C7100120BE1 /* CoreGraphics.framework */; };
		BC5B509F213A6C8600120BE1 /* Foundation.framework in Frameworks */ = {isa = PBXBuildFile; fileRef = BC5B509E213A6C8600120BE1 /* Foundation.framework */; };
		BC5B50A1213A6C9200120BE1 /* UIKit.framework in Frameworks */ = {isa = PBXBuildFile; fileRef = BC5B50A0213A6C9200120BE1 /* UIKit.framework */; };
		BC5B50A4213A847500120BE1 /* TuLinAPINet.m in Sources */ = {isa = PBXBuildFile; fileRef = BC5B50A3213A847500120BE1 /* TuLinAPINet.m */; };
		BC5B50D9213CD16D00120BE1 /* SystemConfiguration.framework in Frameworks */ = {isa = PBXBuildFile; fileRef = BC5B50D8213CD16D00120BE1 /* SystemConfiguration.framework */; };
/* End PBXBuildFile section */

/* Begin PBXContainerItemProxy section */
		BC5B4FE0213A602000120BE1 /* PBXContainerItemProxy */ = {
			isa = PBXContainerItemProxy;
			containerPortal = BC5B4FBF213A601D00120BE1 /* Project object */;
			proxyType = 1;
			remoteGlobalIDString = BC5B4FC6213A601D00120BE1;
			remoteInfo = ChatRobot;
		};
		BC5B4FEB213A602000120BE1 /* PBXContainerItemProxy */ = {
			isa = PBXContainerItemProxy;
			containerPortal = BC5B4FBF213A601D00120BE1 /* Project object */;
			proxyType = 1;
			remoteGlobalIDString = BC5B4FC6213A601D00120BE1;
			remoteInfo = ChatRobot;
		};
/* End PBXContainerItemProxy section */

/* Begin PBXFileReference section */
		BC5B4FC7213A601D00120BE1 /* ChatRobot.app */ = {isa = PBXFileReference; explicitFileType = wrapper.application; includeInIndex = 0; path = ChatRobot.app; sourceTree = BUILT_PRODUCTS_DIR; };
		BC5B4FCA213A601D00120BE1 /* AppDelegate.h */ = {isa = PBXFileReference; lastKnownFileType = sourcecode.c.h; path = AppDelegate.h; sourceTree = "<group>"; };
		BC5B4FCB213A601D00120BE1 /* AppDelegate.m */ = {isa = PBXFileReference; lastKnownFileType = sourcecode.c.objc; path = AppDelegate.m; sourceTree = "<group>"; };
		BC5B4FD1213A601D00120BE1 /* Base */ = {isa = PBXFileReference; lastKnownFileType = file.storyboard; name = Base; path = Base.lproj/Main.storyboard; sourceTree = "<group>"; };
		BC5B4FD3213A602000120BE1 /* Assets.xcassets */ = {isa = PBXFileReference; lastKnownFileType = folder.assetcatalog; path = Assets.xcassets; sourceTree = "<group>"; };
		BC5B4FD6213A602000120BE1 /* Base */ = {isa = PBXFileReference; lastKnownFileType = file.storyboard; name = Base; path = Base.lproj/LaunchScreen.storyboard; sourceTree = "<group>"; };
		BC5B4FD8213A602000120BE1 /* Info.plist */ = {isa = PBXFileReference; lastKnownFileType = text.plist.xml; path = Info.plist; sourceTree = "<group>"; };
		BC5B4FD9213A602000120BE1 /* main.m */ = {isa = PBXFileReference; lastKnownFileType = sourcecode.c.objc; path = main.m; sourceTree = "<group>"; };
		BC5B4FDF213A602000120BE1 /* ChatRobotTests.xctest */ = {isa = PBXFileReference; explicitFileType = wrapper.cfbundle; includeInIndex = 0; path = ChatRobotTests.xctest; sourceTree = BUILT_PRODUCTS_DIR; };
		BC5B4FE3213A602000120BE1 /* ChatRobotTests.m */ = {isa = PBXFileReference; lastKnownFileType = sourcecode.c.objc; path = ChatRobotTests.m; sourceTree = "<group>"; };
		BC5B4FE5213A602000120BE1 /* Info.plist */ = {isa = PBXFileReference; lastKnownFileType = text.plist.xml; path = Info.plist; sourceTree = "<group>"; };
		BC5B4FEA213A602000120BE1 /* ChatRobotUITests.xctest */ = {isa = PBXFileReference; explicitFileType = wrapper.cfbundle; includeInIndex = 0; path = ChatRobotUITests.xctest; sourceTree = BUILT_PRODUCTS_DIR; };
		BC5B4FEE213A602000120BE1 /* ChatRobotUITests.m */ = {isa = PBXFileReference; lastKnownFileType = sourcecode.c.objc; path = ChatRobotUITests.m; sourceTree = "<group>"; };
		BC5B4FF0213A602000120BE1 /* Info.plist */ = {isa = PBXFileReference; lastKnownFileType = text.plist.xml; path = Info.plist; sourceTree = "<group>"; };
		BC5B4FFE213A62D500120BE1 /* JSQMessagesCollectionViewFlowLayoutInvalidationContext.h */ = {isa = PBXFileReference; fileEncoding = 4; lastKnownFileType = sourcecode.c.h; path = JSQMessagesCollectionViewFlowLayoutInvalidationContext.h; sourceTree = "<group>"; };
		BC5B4FFF213A62D500120BE1 /* JSQMessagesCollectionViewLayoutAttributes.m */ = {isa = PBXFileReference; fileEncoding = 4; lastKnownFileType = sourcecode.c.objc; path = JSQMessagesCollectionViewLayoutAttributes.m; sourceTree = "<group>"; };
		BC5B5000213A62D500120BE1 /* JSQMessagesBubblesSizeCalculator.m */ = {isa = PBXFileReference; fileEncoding = 4; lastKnownFileType = sourcecode.c.objc; path = JSQMessagesBubblesSizeCalculator.m; sourceTree = "<group>"; };
		BC5B5001213A62D500120BE1 /* JSQAudioMediaViewAttributes.m */ = {isa = PBXFileReference; fileEncoding = 4; lastKnownFileType = sourcecode.c.objc; path = JSQAudioMediaViewAttributes.m; sourceTree = "<group>"; };
		BC5B5002213A62D500120BE1 /* JSQMessagesCollectionViewFlowLayout.h */ = {isa = PBXFileReference; fileEncoding = 4; lastKnownFileType = sourcecode.c.h; path = JSQMessagesCollectionViewFlowLayout.h; sourceTree = "<group>"; };
		BC5B5003213A62D500120BE1 /* JSQMessagesCollectionViewFlowLayoutInvalidationContext.m */ = {isa = PBXFileReference; fileEncoding = 4; lastKnownFileType = sourcecode.c.objc; path = JSQMessagesCollectionViewFlowLayoutInvalidationContext.m; sourceTree = "<group>"; };
		BC5B5004213A62D500120BE1 /* JSQAudioMediaViewAttributes.h */ = {isa = PBXFileReference; fileEncoding = 4; lastKnownFileType = sourcecode.c.h; path = JSQAudioMediaViewAttributes.h; sourceTree = "<group>"; };
		BC5B5005213A62D500120BE1 /* JSQMessagesBubblesSizeCalculator.h */ = {isa = PBXFileReference; fileEncoding = 4; lastKnownFileType = sourcecode.c.h; path = JSQMessagesBubblesSizeCalculator.h; sourceTree = "<group>"; };
		BC5B5006213A62D500120BE1 /* JSQMessagesCollectionViewLayoutAttributes.h */ = {isa = PBXFileReference; fileEncoding = 4; lastKnownFileType = sourcecode.c.h; path = JSQMessagesCollectionViewLayoutAttributes.h; sourceTree = "<group>"; };
		BC5B5007213A62D500120BE1 /* JSQMessagesBubbleSizeCalculating.h */ = {isa = PBXFileReference; fileEncoding = 4; lastKnownFileType = sourcecode.c.h; path = JSQMessagesBubbleSizeCalculating.h; sourceTree = "<group>"; };
		BC5B5008213A62D500120BE1 /* JSQMessagesCollectionViewFlowLayout.m */ = {isa = PBXFileReference; fileEncoding = 4; lastKnownFileType = sourcecode.c.objc; path = JSQMessagesCollectionViewFlowLayout.m; sourceTree = "<group>"; };
		BC5B5009213A62D500120BE1 /* JSQMessages.h */ = {isa = PBXFileReference; fileEncoding = 4; lastKnownFileType = sourcecode.c.h; path = JSQMessages.h; sourceTree = "<group>"; };
		BC5B500B213A62D500120BE1 /* JSQMessagesToolbarButtonFactory.h */ = {isa = PBXFileReference; fileEncoding = 4; lastKnownFileType = sourcecode.c.h; path = JSQMessagesToolbarButtonFactory.h; sourceTree = "<group>"; };
		BC5B500C213A62D500120BE1 /* JSQMessagesBubbleImageFactory.m */ = {isa = PBXFileReference; fileEncoding = 4; lastKnownFileType = sourcecode.c.objc; path = JSQMessagesBubbleImageFactory.m; sourceTree = "<group>"; };
		BC5B500D213A62D500120BE1 /* JSQMessagesAvatarImageFactory.h */ = {isa = PBXFileReference; fileEncoding = 4; lastKnownFileType = sourcecode.c.h; path = JSQMessagesAvatarImageFactory.h; sourceTree = "<group>"; };
		BC5B500E213A62D500120BE1 /* JSQMessagesTimestampFormatter.h */ = {isa = PBXFileReference; fileEncoding = 4; lastKnownFileType = sourcecode.c.h; path = JSQMessagesTimestampFormatter.h; sourceTree = "<group>"; };
		BC5B500F213A62D500120BE1 /* JSQMessagesVideoThumbnailFactory.h */ = {isa = PBXFileReference; fileEncoding = 4; lastKnownFileType = sourcecode.c.h; path = JSQMessagesVideoThumbnailFactory.h; sourceTree = "<group>"; };
		BC5B5010213A62D500120BE1 /* JSQMessagesMediaViewBubbleImageMasker.h */ = {isa = PBXFileReference; fileEncoding = 4; lastKnownFileType = sourcecode.c.h; path = JSQMessagesMediaViewBubbleImageMasker.h; sourceTree = "<group>"; };
		BC5B5011213A62D500120BE1 /* JSQMessagesAvatarImageFactory.m */ = {isa = PBXFileReference; fileEncoding = 4; lastKnownFileType = sourcecode.c.objc; path = JSQMessagesAvatarImageFactory.m; sourceTree = "<group>"; };
		BC5B5012213A62D500120BE1 /* JSQMessagesBubbleImageFactory.h */ = {isa = PBXFileReference; fileEncoding = 4; lastKnownFileType = sourcecode.c.h; path = JSQMessagesBubbleImageFactory.h; sourceTree = "<group>"; };
		BC5B5013213A62D500120BE1 /* JSQMessagesToolbarButtonFactory.m */ = {isa = PBXFileReference; fileEncoding = 4; lastKnownFileType = sourcecode.c.objc; path = JSQMessagesToolbarButtonFactory.m; sourceTree = "<group>"; };
		BC5B5014213A62D500120BE1 /* JSQMessagesVideoThumbnailFactory.m */ = {isa = PBXFileReference; fileEncoding = 4; lastKnownFileType = sourcecode.c.objc; path = JSQMessagesVideoThumbnailFactory.m; sourceTree = "<group>"; };
		BC5B5015213A62D500120BE1 /* JSQMessagesTimestampFormatter.m */ = {isa = PBXFileReference; fileEncoding = 4; lastKnownFileType = sourcecode.c.objc; path = JSQMessagesTimestampFormatter.m; sourceTree = "<group>"; };
		BC5B5016213A62D500120BE1 /* JSQMessagesMediaViewBubbleImageMasker.m */ = {isa = PBXFileReference; fileEncoding = 4; lastKnownFileType = sourcecode.c.objc; path = JSQMessagesMediaViewBubbleImageMasker.m; sourceTree = "<group>"; };
		BC5B5018213A62D500120BE1 /* JSQLocationMediaItem.h */ = {isa = PBXFileReference; fileEncoding = 4; lastKnownFileType = sourcecode.c.h; path = JSQLocationMediaItem.h; sourceTree = "<group>"; };
		BC5B5019213A62D500120BE1 /* JSQMessagesBubbleImage.h */ = {isa = PBXFileReference; fileEncoding = 4; lastKnownFileType = sourcecode.c.h; path = JSQMessagesBubbleImage.h; sourceTree = "<group>"; };
		BC5B501A213A62D500120BE1 /* JSQAudioMediaItem.m */ = {isa = PBXFileReference; fileEncoding = 4; lastKnownFileType = sourcecode.c.objc; path = JSQAudioMediaItem.m; sourceTree = "<group>"; };
		BC5B501B213A62D500120BE1 /* JSQMessage.h */ = {isa = PBXFileReference; fileEncoding = 4; lastKnownFileType = sourcecode.c.h; path = JSQMessage.h; sourceTree = "<group>"; };
		BC5B501C213A62D500120BE1 /* JSQMessagesCollectionViewDelegateFlowLayout.h */ = {isa = PBXFileReference; fileEncoding = 4; lastKnownFileType = sourcecode.c.h; path = JSQMessagesCollectionViewDelegateFlowLayout.h; sourceTree = "<group>"; };
		BC5B501D213A62D500120BE1 /* JSQMessagesAvatarImage.m */ = {isa = PBXFileReference; fileEncoding = 4; lastKnownFileType = sourcecode.c.objc; path = JSQMessagesAvatarImage.m; sourceTree = "<group>"; };
		BC5B501E213A62D500120BE1 /* JSQPhotoMediaItem.h */ = {isa = PBXFileReference; fileEncoding = 4; lastKnownFileType = sourcecode.c.h; path = JSQPhotoMediaItem.h; sourceTree = "<group>"; };
		BC5B501F213A62D500120BE1 /* JSQMessagesCollectionViewDataSource.h */ = {isa = PBXFileReference; fileEncoding = 4; lastKnownFileType = sourcecode.c.h; path = JSQMessagesCollectionViewDataSource.h; sourceTree = "<group>"; };
		BC5B5020213A62D500120BE1 /* JSQVideoMediaItem.h */ = {isa = PBXFileReference; fileEncoding = 4; lastKnownFileType = sourcecode.c.h; path = JSQVideoMediaItem.h; sourceTree = "<group>"; };
		BC5B5021213A62D500120BE1 /* JSQMessageBubbleImageDataSource.h */ = {isa = PBXFileReference; fileEncoding = 4; lastKnownFileType = sourcecode.c.h; path = JSQMessageBubbleImageDataSource.h; sourceTree = "<group>"; };
		BC5B5022213A62D500120BE1 /* JSQMediaItem.h */ = {isa = PBXFileReference; fileEncoding = 4; lastKnownFileType = sourcecode.c.h; path = JSQMediaItem.h; sourceTree = "<group>"; };
		BC5B5023213A62D500120BE1 /* JSQMessageMediaData.h */ = {isa = PBXFileReference; fileEncoding = 4; lastKnownFileType = sourcecode.c.h; path = JSQMessageMediaData.h; sourceTree = "<group>"; };
		BC5B5024213A62D500120BE1 /* JSQMessageData.h */ = {isa = PBXFileReference; fileEncoding = 4; lastKnownFileType = sourcecode.c.h; path = JSQMessageData.h; sourceTree = "<group>"; };
		BC5B5025213A62D500120BE1 /* JSQMessagesViewAccessoryButtonDelegate.h */ = {isa = PBXFileReference; fileEncoding = 4; lastKnownFileType = sourcecode.c.h; path = JSQMessagesViewAccessoryButtonDelegate.h; sourceTree = "<group>"; };
		BC5B5026213A62D500120BE1 /* JSQAudioMediaItem.h */ = {isa = PBXFileReference; fileEncoding = 4; lastKnownFileType = sourcecode.c.h; path = JSQAudioMediaItem.h; sourceTree = "<group>"; };
		BC5B5027213A62D500120BE1 /* JSQLocationMediaItem.m */ = {isa = PBXFileReference; fileEncoding = 4; lastKnownFileType = sourcecode.c.objc; path = JSQLocationMediaItem.m; sourceTree = "<group>"; };
		BC5B5028213A62D500120BE1 /* JSQMessagesBubbleImage.m */ = {isa = PBXFileReference; fileEncoding = 4; lastKnownFileType = sourcecode.c.objc; path = JSQMessagesBubbleImage.m; sourceTree = "<group>"; };
		BC5B5029213A62D500120BE1 /* JSQPhotoMediaItem.m */ = {isa = PBXFileReference; fileEncoding = 4; lastKnownFileType = sourcecode.c.objc; path = JSQPhotoMediaItem.m; sourceTree = "<group>"; };
		BC5B502A213A62D500120BE1 /* JSQMessagesAvatarImage.h */ = {isa = PBXFileReference; fileEncoding = 4; lastKnownFileType = sourcecode.c.h; path = JSQMessagesAvatarImage.h; sourceTree = "<group>"; };
		BC5B502B213A62D500120BE1 /* JSQMessage.m */ = {isa = PBXFileReference; fileEncoding = 4; lastKnownFileType = sourcecode.c.objc; path = JSQMessage.m; sourceTree = "<group>"; };
		BC5B502C213A62D500120BE1 /* JSQMediaItem.m */ = {isa = PBXFileReference; fileEncoding = 4; lastKnownFileType = sourcecode.c.objc; path = JSQMediaItem.m; sourceTree = "<group>"; };
		BC5B502D213A62D500120BE1 /* JSQVideoMediaItem.m */ = {isa = PBXFileReference; fileEncoding = 4; lastKnownFileType = sourcecode.c.objc; path = JSQVideoMediaItem.m; sourceTree = "<group>"; };
		BC5B502E213A62D500120BE1 /* JSQMessageAvatarImageDataSource.h */ = {isa = PBXFileReference; fileEncoding = 4; lastKnownFileType = sourcecode.c.h; path = JSQMessageAvatarImageDataSource.h; sourceTree = "<group>"; };
		BC5B5030213A62D500120BE1 /* JSQMessagesViewController.m */ = {isa = PBXFileReference; fileEncoding = 4; lastKnownFileType = sourcecode.c.objc; path = JSQMessagesViewController.m; sourceTree = "<group>"; };
		BC5B5031213A62D500120BE1 /* JSQMessagesViewController.xib */ = {isa = PBXFileReference; fileEncoding = 4; lastKnownFileType = file.xib; path = JSQMessagesViewController.xib; sourceTree = "<group>"; };
		BC5B5032213A62D500120BE1 /* JSQMessagesViewController.h */ = {isa = PBXFileReference; fileEncoding = 4; lastKnownFileType = sourcecode.c.h; path = JSQMessagesViewController.h; sourceTree = "<group>"; };
		BC5B5034213A62D500120BE1 /* JSQMessagesComposerTextView.m */ = {isa = PBXFileReference; fileEncoding = 4; lastKnownFileType = sourcecode.c.objc; path = JSQMessagesComposerTextView.m; sourceTree = "<group>"; };
		BC5B5035213A62D500120BE1 /* JSQMessagesLoadEarlierHeaderView.h */ = {isa = PBXFileReference; fileEncoding = 4; lastKnownFileType = sourcecode.c.h; path = JSQMessagesLoadEarlierHeaderView.h; sourceTree = "<group>"; };
		BC5B5036213A62D500120BE1 /* JSQMessagesToolbarContentView.m */ = {isa = PBXFileReference; fileEncoding = 4; lastKnownFileType = sourcecode.c.objc; path = JSQMessagesToolbarContentView.m; sourceTree = "<group>"; };
		BC5B5037213A62D500120BE1 /* JSQMessagesLabel.h */ = {isa = PBXFileReference; fileEncoding = 4; lastKnownFileType = sourcecode.c.h; path = JSQMessagesLabel.h; sourceTree = "<group>"; };
		BC5B5038213A62D500120BE1 /* JSQMessagesMediaPlaceholderView.m */ = {isa = PBXFileReference; fileEncoding = 4; lastKnownFileType = sourcecode.c.objc; path = JSQMessagesMediaPlaceholderView.m; sourceTree = "<group>"; };
		BC5B5039213A62D500120BE1 /* JSQMessagesTypingIndicatorFooterView.h */ = {isa = PBXFileReference; fileEncoding = 4; lastKnownFileType = sourcecode.c.h; path = JSQMessagesTypingIndicatorFooterView.h; sourceTree = "<group>"; };
		BC5B503A213A62D500120BE1 /* JSQMessagesInputToolbar.h */ = {isa = PBXFileReference; fileEncoding = 4; lastKnownFileType = sourcecode.c.h; path = JSQMessagesInputToolbar.h; sourceTree = "<group>"; };
		BC5B503B213A62D500120BE1 /* JSQMessagesCollectionViewCellIncoming.h */ = {isa = PBXFileReference; fileEncoding = 4; lastKnownFileType = sourcecode.c.h; path = JSQMessagesCollectionViewCellIncoming.h; sourceTree = "<group>"; };
		BC5B503C213A62D500120BE1 /* JSQMessagesLoadEarlierHeaderView.xib */ = {isa = PBXFileReference; fileEncoding = 4; lastKnownFileType = file.xib; path = JSQMessagesLoadEarlierHeaderView.xib; sourceTree = "<group>"; };
		BC5B503D213A62D500120BE1 /* JSQMessagesCollectionViewCell.h */ = {isa = PBXFileReference; fileEncoding = 4; lastKnownFileType = sourcecode.c.h; path = JSQMessagesCollectionViewCell.h; sourceTree = "<group>"; };
		BC5B503E213A62D500120BE1 /* JSQMessagesCellTextView.h */ = {isa = PBXFileReference; fileEncoding = 4; lastKnownFileType = sourcecode.c.h; path = JSQMessagesCellTextView.h; sourceTree = "<group>"; };
		BC5B503F213A62D500120BE1 /* JSQMessagesTypingView.h */ = {isa = PBXFileReference; fileEncoding = 4; lastKnownFileType = sourcecode.c.h; path = JSQMessagesTypingView.h; sourceTree = "<group>"; };
		BC5B5040213A62D500120BE1 /* JSQMessagesCollectionViewCellOutgoing.h */ = {isa = PBXFileReference; fileEncoding = 4; lastKnownFileType = sourcecode.c.h; path = JSQMessagesCollectionViewCellOutgoing.h; sourceTree = "<group>"; };
		BC5B5041213A62D500120BE1 /* JSQMessagesCollectionView.h */ = {isa = PBXFileReference; fileEncoding = 4; lastKnownFileType = sourcecode.c.h; path = JSQMessagesCollectionView.h; sourceTree = "<group>"; };
		BC5B5042213A62D500120BE1 /* JSQMessagesCollectionViewCellOutgoing.xib */ = {isa = PBXFileReference; fileEncoding = 4; lastKnownFileType = file.xib; path = JSQMessagesCollectionViewCellOutgoing.xib; sourceTree = "<group>"; };
		BC5B5043213A62D500120BE1 /* JSQMessagesTypingIndicatorFooterView.xib */ = {isa = PBXFileReference; fileEncoding = 4; lastKnownFileType = file.xib; path = JSQMessagesTypingIndicatorFooterView.xib; sourceTree = "<group>"; };
		BC5B5044213A62D500120BE1 /* JSQMessagesInputToolbar.m */ = {isa = PBXFileReference; fileEncoding = 4; lastKnownFileType = sourcecode.c.objc; path = JSQMessagesInputToolbar.m; sourceTree = "<group>"; };
		BC5B5045213A62D500120BE1 /* JSQMessagesCollectionViewCellIncoming.m */ = {isa = PBXFileReference; fileEncoding = 4; lastKnownFileType = sourcecode.c.objc; path = JSQMessagesCollectionViewCellIncoming.m; sourceTree = "<group>"; };
		BC5B5046213A62D500120BE1 /* JSQMessagesTypingIndicatorFooterView.m */ = {isa = PBXFileReference; fileEncoding = 4; lastKnownFileType = sourcecode.c.objc; path = JSQMessagesTypingIndicatorFooterView.m; sourceTree = "<group>"; };
		BC5B5047213A62D500120BE1 /* JSQMessagesToolbarContentView.h */ = {isa = PBXFileReference; fileEncoding = 4; lastKnownFileType = sourcecode.c.h; path = JSQMessagesToolbarContentView.h; sourceTree = "<group>"; };
		BC5B5048213A62D500120BE1 /* JSQMessagesMediaPlaceholderView.h */ = {isa = PBXFileReference; fileEncoding = 4; lastKnownFileType = sourcecode.c.h; path = JSQMessagesMediaPlaceholderView.h; sourceTree = "<group>"; };
		BC5B5049213A62D500120BE1 /* JSQMessagesLabel.m */ = {isa = PBXFileReference; fileEncoding = 4; lastKnownFileType = sourcecode.c.objc; path = JSQMessagesLabel.m; sourceTree = "<group>"; };
		BC5B504A213A62D500120BE1 /* JSQMessagesLoadEarlierHeaderView.m */ = {isa = PBXFileReference; fileEncoding = 4; lastKnownFileType = sourcecode.c.objc; path = JSQMessagesLoadEarlierHeaderView.m; sourceTree = "<group>"; };
		BC5B504B213A62D500120BE1 /* JSQMessagesComposerTextView.h */ = {isa = PBXFileReference; fileEncoding = 4; lastKnownFileType = sourcecode.c.h; path = JSQMessagesComposerTextView.h; sourceTree = "<group>"; };
		BC5B504C213A62D500120BE1 /* JSQMessagesCellTextView.m */ = {isa = PBXFileReference; fileEncoding = 4; lastKnownFileType = sourcecode.c.objc; path = JSQMessagesCellTextView.m; sourceTree = "<group>"; };
		BC5B504D213A62D500120BE1 /* JSQMessagesToolbarContentView.xib */ = {isa = PBXFileReference; fileEncoding = 4; lastKnownFileType = file.xib; path = JSQMessagesToolbarContentView.xib; sourceTree = "<group>"; };
		BC5B504E213A62D500120BE1 /* JSQMessagesCollectionViewCell.m */ = {isa = PBXFileReference; fileEncoding = 4; lastKnownFileType = sourcecode.c.objc; path = JSQMessagesCollectionViewCell.m; sourceTree = "<group>"; };
		BC5B504F213A62D500120BE1 /* JSQMessagesCollectionView.m */ = {isa = PBXFileReference; fileEncoding = 4; lastKnownFileType = sourcecode.c.objc; path = JSQMessagesCollectionView.m; sourceTree = "<group>"; };
		BC5B5050213A62D500120BE1 /* JSQMessagesCollectionViewCellOutgoing.m */ = {isa = PBXFileReference; fileEncoding = 4; lastKnownFileType = sourcecode.c.objc; path = JSQMessagesCollectionViewCellOutgoing.m; sourceTree = "<group>"; };
		BC5B5051213A62D500120BE1 /* JSQMessagesTypingView.m */ = {isa = PBXFileReference; fileEncoding = 4; lastKnownFileType = sourcecode.c.objc; path = JSQMessagesTypingView.m; sourceTree = "<group>"; };
		BC5B5052213A62D500120BE1 /* JSQMessagesCollectionViewCellIncoming.xib */ = {isa = PBXFileReference; fileEncoding = 4; lastKnownFileType = file.xib; path = JSQMessagesCollectionViewCellIncoming.xib; sourceTree = "<group>"; };
		BC5B5054213A62D500120BE1 /* JSQMessagesAssets.bundle */ = {isa = PBXFileReference; lastKnownFileType = "wrapper.plug-in"; path = JSQMessagesAssets.bundle; sourceTree = "<group>"; };
		BC5B5056213A62D500120BE1 /* NSString+JSQMessages.h */ = {isa = PBXFileReference; fileEncoding = 4; lastKnownFileType = sourcecode.c.h; path = "NSString+JSQMessages.h"; sourceTree = "<group>"; };
		BC5B5057213A62D500120BE1 /* UIImage+JSQMessages.m */ = {isa = PBXFileReference; fileEncoding = 4; lastKnownFileType = sourcecode.c.objc; path = "UIImage+JSQMessages.m"; sourceTree = "<group>"; };
		BC5B5058213A62D500120BE1 /* UIColor+JSQMessages.m */ = {isa = PBXFileReference; fileEncoding = 4; lastKnownFileType = sourcecode.c.objc; path = "UIColor+JSQMessages.m"; sourceTree = "<group>"; };
		BC5B5059213A62D500120BE1 /* UIView+JSQMessages.h */ = {isa = PBXFileReference; fileEncoding = 4; lastKnownFileType = sourcecode.c.h; path = "UIView+JSQMessages.h"; sourceTree = "<group>"; };
		BC5B505A213A62D500120BE1 /* NSBundle+JSQMessages.m */ = {isa = PBXFileReference; fileEncoding = 4; lastKnownFileType = sourcecode.c.objc; path = "NSBundle+JSQMessages.m"; sourceTree = "<group>"; };
		BC5B505B213A62D500120BE1 /* NSString+JSQMessages.m */ = {isa = PBXFileReference; fileEncoding = 4; lastKnownFileType = sourcecode.c.objc; path = "NSString+JSQMessages.m"; sourceTree = "<group>"; };
		BC5B505C213A62D500120BE1 /* UIColor+JSQMessages.h */ = {isa = PBXFileReference; fileEncoding = 4; lastKnownFileType = sourcecode.c.h; path = "UIColor+JSQMessages.h"; sourceTree = "<group>"; };
		BC5B505D213A62D500120BE1 /* UIImage+JSQMessages.h */ = {isa = PBXFileReference; fileEncoding = 4; lastKnownFileType = sourcecode.c.h; path = "UIImage+JSQMessages.h"; sourceTree = "<group>"; };
		BC5B505E213A62D500120BE1 /* UIView+JSQMessages.m */ = {isa = PBXFileReference; fileEncoding = 4; lastKnownFileType = sourcecode.c.objc; path = "UIView+JSQMessages.m"; sourceTree = "<group>"; };
		BC5B505F213A62D500120BE1 /* NSBundle+JSQMessages.h */ = {isa = PBXFileReference; fileEncoding = 4; lastKnownFileType = sourcecode.c.h; path = "NSBundle+JSQMessages.h"; sourceTree = "<group>"; };
		BC5B508D213A634400120BE1 /* ChatViewController.h */ = {isa = PBXFileReference; lastKnownFileType = sourcecode.c.h; path = ChatViewController.h; sourceTree = "<group>"; };
		BC5B508E213A634400120BE1 /* ChatViewController.m */ = {isa = PBXFileReference; lastKnownFileType = sourcecode.c.objc; path = ChatViewController.m; sourceTree = "<group>"; };
		BC5B5090213A640300120BE1 /* ModelData.h */ = {isa = PBXFileReference; lastKnownFileType = sourcecode.c.h; path = ModelData.h; sourceTree = "<group>"; };
		BC5B5091213A640300120BE1 /* ModelData.m */ = {isa = PBXFileReference; lastKnownFileType = sourcecode.c.objc; path = ModelData.m; sourceTree = "<group>"; };
		BC5B5094213A6C4000120BE1 /* MobileCoreServices.framework */ = {isa = PBXFileReference; lastKnownFileType = wrapper.framework; name = MobileCoreServices.framework; path = System/Library/Frameworks/MobileCoreServices.framework; sourceTree = SDKROOT; };
		BC5B5096213A6C4900120BE1 /* MapKit.framework */ = {isa = PBXFileReference; lastKnownFileType = wrapper.framework; name = MapKit.framework; path = System/Library/Frameworks/MapKit.framework; sourceTree = SDKROOT; };
		BC5B5098213A6C5700120BE1 /* CoreLocation.framework */ = {isa = PBXFileReference; lastKnownFileType = wrapper.framework; name = CoreLocation.framework; path = System/Library/Frameworks/CoreLocation.framework; sourceTree = SDKROOT; };
		BC5B509A213A6C6100120BE1 /* QuartzCore.framework */ = {isa = PBXFileReference; lastKnownFileType = wrapper.framework; name = QuartzCore.framework; path = System/Library/Frameworks/QuartzCore.framework; sourceTree = SDKROOT; };
		BC5B509C213A6C7100120BE1 /* CoreGraphics.framework */ = {isa = PBXFileReference; lastKnownFileType = wrapper.framework; name = CoreGraphics.framework; path = System/Library/Frameworks/CoreGraphics.framework; sourceTree = SDKROOT; };
		BC5B509E213A6C8600120BE1 /* Foundation.framework */ = {isa = PBXFileReference; lastKnownFileType = wrapper.framework; name = Foundation.framework; path = System/Library/Frameworks/Foundation.framework; sourceTree = SDKROOT; };
		BC5B50A0213A6C9200120BE1 /* UIKit.framework */ = {isa = PBXFileReference; lastKnownFileType = wrapper.framework; name = UIKit.framework; path = System/Library/Frameworks/UIKit.framework; sourceTree = SDKROOT; };
		BC5B50A2213A847500120BE1 /* TuLinAPINet.h */ = {isa = PBXFileReference; lastKnownFileType = sourcecode.c.h; path = TuLinAPINet.h; sourceTree = "<group>"; };
		BC5B50A3213A847500120BE1 /* TuLinAPINet.m */ = {isa = PBXFileReference; lastKnownFileType = sourcecode.c.objc; path = TuLinAPINet.m; sourceTree = "<group>"; };
		BC5B50D8213CD16D00120BE1 /* SystemConfiguration.framework */ = {isa = PBXFileReference; lastKnownFileType = wrapper.framework; name = SystemConfiguration.framework; path = System/Library/Frameworks/SystemConfiguration.framework; sourceTree = SDKROOT; };
/* End PBXFileReference section */

/* Begin PBXFrameworksBuildPhase section */
		BC5B4FC4213A601D00120BE1 /* Frameworks */ = {
			isa = PBXFrameworksBuildPhase;
			buildActionMask = 2147483647;
			files = (
				BC5B50D9213CD16D00120BE1 /* SystemConfiguration.framework in Frameworks */,
				BC5B50A1213A6C9200120BE1 /* UIKit.framework in Frameworks */,
				BC5B509F213A6C8600120BE1 /* Foundation.framework in Frameworks */,
				BC5B509D213A6C7100120BE1 /* CoreGraphics.framework in Frameworks */,
				BC5B509B213A6C6100120BE1 /* QuartzCore.framework in Frameworks */,
				BC5B5099213A6C5700120BE1 /* CoreLocation.framework in Frameworks */,
				BC5B5097213A6C4900120BE1 /* MapKit.framework in Frameworks */,
				BC5B5095213A6C4000120BE1 /* MobileCoreServices.framework in Frameworks */,
			);
			runOnlyForDeploymentPostprocessing = 0;
		};
		BC5B4FDC213A602000120BE1 /* Frameworks */ = {
			isa = PBXFrameworksBuildPhase;
			buildActionMask = 2147483647;
			files = (
			);
			runOnlyForDeploymentPostprocessing = 0;
		};
		BC5B4FE7213A602000120BE1 /* Frameworks */ = {
			isa = PBXFrameworksBuildPhase;
			buildActionMask = 2147483647;
			files = (
			);
			runOnlyForDeploymentPostprocessing = 0;
		};
/* End PBXFrameworksBuildPhase section */

/* Begin PBXGroup section */
		BC5B4FBE213A601D00120BE1 = {
			isa = PBXGroup;
			children = (
				BC5B4FC9213A601D00120BE1 /* ChatRobot */,
				BC5B4FE2213A602000120BE1 /* ChatRobotTests */,
				BC5B4FED213A602000120BE1 /* ChatRobotUITests */,
				BC5B4FC8213A601D00120BE1 /* Products */,
				BC5B5093213A6C3F00120BE1 /* Frameworks */,
			);
			sourceTree = "<group>";
		};
		BC5B4FC8213A601D00120BE1 /* Products */ = {
			isa = PBXGroup;
			children = (
				BC5B4FC7213A601D00120BE1 /* ChatRobot.app */,
				BC5B4FDF213A602000120BE1 /* ChatRobotTests.xctest */,
				BC5B4FEA213A602000120BE1 /* ChatRobotUITests.xctest */,
			);
			name = Products;
			sourceTree = "<group>";
		};
		BC5B4FC9213A601D00120BE1 /* ChatRobot */ = {
			isa = PBXGroup;
			children = (
				BC5B4FFC213A62D500120BE1 /* JSQMessagesViewController */,
				BC5B4FCA213A601D00120BE1 /* AppDelegate.h */,
				BC5B4FCB213A601D00120BE1 /* AppDelegate.m */,
				BC5B4FD0213A601D00120BE1 /* Main.storyboard */,
				BC5B4FD3213A602000120BE1 /* Assets.xcassets */,
				BC5B4FD5213A602000120BE1 /* LaunchScreen.storyboard */,
				BC5B4FD8213A602000120BE1 /* Info.plist */,
				BC5B4FD9213A602000120BE1 /* main.m */,
				BC5B508D213A634400120BE1 /* ChatViewController.h */,
				BC5B508E213A634400120BE1 /* ChatViewController.m */,
				BC5B5090213A640300120BE1 /* ModelData.h */,
				BC5B5091213A640300120BE1 /* ModelData.m */,
				BC5B50A2213A847500120BE1 /* TuLinAPINet.h */,
				BC5B50A3213A847500120BE1 /* TuLinAPINet.m */,
			);
			path = ChatRobot;
			sourceTree = "<group>";
		};
		BC5B4FE2213A602000120BE1 /* ChatRobotTests */ = {
			isa = PBXGroup;
			children = (
				BC5B4FE3213A602000120BE1 /* ChatRobotTests.m */,
				BC5B4FE5213A602000120BE1 /* Info.plist */,
			);
			path = ChatRobotTests;
			sourceTree = "<group>";
		};
		BC5B4FED213A602000120BE1 /* ChatRobotUITests */ = {
			isa = PBXGroup;
			children = (
				BC5B4FEE213A602000120BE1 /* ChatRobotUITests.m */,
				BC5B4FF0213A602000120BE1 /* Info.plist */,
			);
			path = ChatRobotUITests;
			sourceTree = "<group>";
		};
		BC5B4FFC213A62D500120BE1 /* JSQMessagesViewController */ = {
			isa = PBXGroup;
			children = (
				BC5B4FFD213A62D500120BE1 /* Layout */,
				BC5B5009213A62D500120BE1 /* JSQMessages.h */,
				BC5B500A213A62D500120BE1 /* Factories */,
				BC5B5017213A62D500120BE1 /* Model */,
				BC5B502F213A62D500120BE1 /* Controllers */,
				BC5B5033213A62D500120BE1 /* Views */,
				BC5B5053213A62D500120BE1 /* Assets */,
				BC5B5055213A62D500120BE1 /* Categories */,
			);
			path = JSQMessagesViewController;
			sourceTree = "<group>";
		};
		BC5B4FFD213A62D500120BE1 /* Layout */ = {
			isa = PBXGroup;
			children = (
				BC5B4FFE213A62D500120BE1 /* JSQMessagesCollectionViewFlowLayoutInvalidationContext.h */,
				BC5B4FFF213A62D500120BE1 /* JSQMessagesCollectionViewLayoutAttributes.m */,
				BC5B5000213A62D500120BE1 /* JSQMessagesBubblesSizeCalculator.m */,
				BC5B5001213A62D500120BE1 /* JSQAudioMediaViewAttributes.m */,
				BC5B5002213A62D500120BE1 /* JSQMessagesCollectionViewFlowLayout.h */,
				BC5B5003213A62D500120BE1 /* JSQMessagesCollectionViewFlowLayoutInvalidationContext.m */,
				BC5B5004213A62D500120BE1 /* JSQAudioMediaViewAttributes.h */,
				BC5B5005213A62D500120BE1 /* JSQMessagesBubblesSizeCalculator.h */,
				BC5B5006213A62D500120BE1 /* JSQMessagesCollectionViewLayoutAttributes.h */,
				BC5B5007213A62D500120BE1 /* JSQMessagesBubbleSizeCalculating.h */,
				BC5B5008213A62D500120BE1 /* JSQMessagesCollectionViewFlowLayout.m */,
			);
			path = Layout;
			sourceTree = "<group>";
		};
		BC5B500A213A62D500120BE1 /* Factories */ = {
			isa = PBXGroup;
			children = (
				BC5B500B213A62D500120BE1 /* JSQMessagesToolbarButtonFactory.h */,
				BC5B500C213A62D500120BE1 /* JSQMessagesBubbleImageFactory.m */,
				BC5B500D213A62D500120BE1 /* JSQMessagesAvatarImageFactory.h */,
				BC5B500E213A62D500120BE1 /* JSQMessagesTimestampFormatter.h */,
				BC5B500F213A62D500120BE1 /* JSQMessagesVideoThumbnailFactory.h */,
				BC5B5010213A62D500120BE1 /* JSQMessagesMediaViewBubbleImageMasker.h */,
				BC5B5011213A62D500120BE1 /* JSQMessagesAvatarImageFactory.m */,
				BC5B5012213A62D500120BE1 /* JSQMessagesBubbleImageFactory.h */,
				BC5B5013213A62D500120BE1 /* JSQMessagesToolbarButtonFactory.m */,
				BC5B5014213A62D500120BE1 /* JSQMessagesVideoThumbnailFactory.m */,
				BC5B5015213A62D500120BE1 /* JSQMessagesTimestampFormatter.m */,
				BC5B5016213A62D500120BE1 /* JSQMessagesMediaViewBubbleImageMasker.m */,
			);
			path = Factories;
			sourceTree = "<group>";
		};
		BC5B5017213A62D500120BE1 /* Model */ = {
			isa = PBXGroup;
			children = (
				BC5B5018213A62D500120BE1 /* JSQLocationMediaItem.h */,
				BC5B5019213A62D500120BE1 /* JSQMessagesBubbleImage.h */,
				BC5B501A213A62D500120BE1 /* JSQAudioMediaItem.m */,
				BC5B501B213A62D500120BE1 /* JSQMessage.h */,
				BC5B501C213A62D500120BE1 /* JSQMessagesCollectionViewDelegateFlowLayout.h */,
				BC5B501D213A62D500120BE1 /* JSQMessagesAvatarImage.m */,
				BC5B501E213A62D500120BE1 /* JSQPhotoMediaItem.h */,
				BC5B501F213A62D500120BE1 /* JSQMessagesCollectionViewDataSource.h */,
				BC5B5020213A62D500120BE1 /* JSQVideoMediaItem.h */,
				BC5B5021213A62D500120BE1 /* JSQMessageBubbleImageDataSource.h */,
				BC5B5022213A62D500120BE1 /* JSQMediaItem.h */,
				BC5B5023213A62D500120BE1 /* JSQMessageMediaData.h */,
				BC5B5024213A62D500120BE1 /* JSQMessageData.h */,
				BC5B5025213A62D500120BE1 /* JSQMessagesViewAccessoryButtonDelegate.h */,
				BC5B5026213A62D500120BE1 /* JSQAudioMediaItem.h */,
				BC5B5027213A62D500120BE1 /* JSQLocationMediaItem.m */,
				BC5B5028213A62D500120BE1 /* JSQMessagesBubbleImage.m */,
				BC5B5029213A62D500120BE1 /* JSQPhotoMediaItem.m */,
				BC5B502A213A62D500120BE1 /* JSQMessagesAvatarImage.h */,
				BC5B502B213A62D500120BE1 /* JSQMessage.m */,
				BC5B502C213A62D500120BE1 /* JSQMediaItem.m */,
				BC5B502D213A62D500120BE1 /* JSQVideoMediaItem.m */,
				BC5B502E213A62D500120BE1 /* JSQMessageAvatarImageDataSource.h */,
			);
			path = Model;
			sourceTree = "<group>";
		};
		BC5B502F213A62D500120BE1 /* Controllers */ = {
			isa = PBXGroup;
			children = (
				BC5B5030213A62D500120BE1 /* JSQMessagesViewController.m */,
				BC5B5031213A62D500120BE1 /* JSQMessagesViewController.xib */,
				BC5B5032213A62D500120BE1 /* JSQMessagesViewController.h */,
			);
			path = Controllers;
			sourceTree = "<group>";
		};
		BC5B5033213A62D500120BE1 /* Views */ = {
			isa = PBXGroup;
			children = (
				BC5B5034213A62D500120BE1 /* JSQMessagesComposerTextView.m */,
				BC5B5035213A62D500120BE1 /* JSQMessagesLoadEarlierHeaderView.h */,
				BC5B5036213A62D500120BE1 /* JSQMessagesToolbarContentView.m */,
				BC5B5037213A62D500120BE1 /* JSQMessagesLabel.h */,
				BC5B5038213A62D500120BE1 /* JSQMessagesMediaPlaceholderView.m */,
				BC5B5039213A62D500120BE1 /* JSQMessagesTypingIndicatorFooterView.h */,
				BC5B503A213A62D500120BE1 /* JSQMessagesInputToolbar.h */,
				BC5B503B213A62D500120BE1 /* JSQMessagesCollectionViewCellIncoming.h */,
				BC5B503C213A62D500120BE1 /* JSQMessagesLoadEarlierHeaderView.xib */,
				BC5B503D213A62D500120BE1 /* JSQMessagesCollectionViewCell.h */,
				BC5B503E213A62D500120BE1 /* JSQMessagesCellTextView.h */,
				BC5B503F213A62D500120BE1 /* JSQMessagesTypingView.h */,
				BC5B5040213A62D500120BE1 /* JSQMessagesCollectionViewCellOutgoing.h */,
				BC5B5041213A62D500120BE1 /* JSQMessagesCollectionView.h */,
				BC5B5042213A62D500120BE1 /* JSQMessagesCollectionViewCellOutgoing.xib */,
				BC5B5043213A62D500120BE1 /* JSQMessagesTypingIndicatorFooterView.xib */,
				BC5B5044213A62D500120BE1 /* JSQMessagesInputToolbar.m */,
				BC5B5045213A62D500120BE1 /* JSQMessagesCollectionViewCellIncoming.m */,
				BC5B5046213A62D500120BE1 /* JSQMessagesTypingIndicatorFooterView.m */,
				BC5B5047213A62D500120BE1 /* JSQMessagesToolbarContentView.h */,
				BC5B5048213A62D500120BE1 /* JSQMessagesMediaPlaceholderView.h */,
				BC5B5049213A62D500120BE1 /* JSQMessagesLabel.m */,
				BC5B504A213A62D500120BE1 /* JSQMessagesLoadEarlierHeaderView.m */,
				BC5B504B213A62D500120BE1 /* JSQMessagesComposerTextView.h */,
				BC5B504C213A62D500120BE1 /* JSQMessagesCellTextView.m */,
				BC5B504D213A62D500120BE1 /* JSQMessagesToolbarContentView.xib */,
				BC5B504E213A62D500120BE1 /* JSQMessagesCollectionViewCell.m */,
				BC5B504F213A62D500120BE1 /* JSQMessagesCollectionView.m */,
				BC5B5050213A62D500120BE1 /* JSQMessagesCollectionViewCellOutgoing.m */,
				BC5B5051213A62D500120BE1 /* JSQMessagesTypingView.m */,
				BC5B5052213A62D500120BE1 /* JSQMessagesCollectionViewCellIncoming.xib */,
			);
			path = Views;
			sourceTree = "<group>";
		};
		BC5B5053213A62D500120BE1 /* Assets */ = {
			isa = PBXGroup;
			children = (
				BC5B5054213A62D500120BE1 /* JSQMessagesAssets.bundle */,
			);
			path = Assets;
			sourceTree = "<group>";
		};
		BC5B5055213A62D500120BE1 /* Categories */ = {
			isa = PBXGroup;
			children = (
				BC5B5056213A62D500120BE1 /* NSString+JSQMessages.h */,
				BC5B5057213A62D500120BE1 /* UIImage+JSQMessages.m */,
				BC5B5058213A62D500120BE1 /* UIColor+JSQMessages.m */,
				BC5B5059213A62D500120BE1 /* UIView+JSQMessages.h */,
				BC5B505A213A62D500120BE1 /* NSBundle+JSQMessages.m */,
				BC5B505B213A62D500120BE1 /* NSString+JSQMessages.m */,
				BC5B505C213A62D500120BE1 /* UIColor+JSQMessages.h */,
				BC5B505D213A62D500120BE1 /* UIImage+JSQMessages.h */,
				BC5B505E213A62D500120BE1 /* UIView+JSQMessages.m */,
				BC5B505F213A62D500120BE1 /* NSBundle+JSQMessages.h */,
			);
			path = Categories;
			sourceTree = "<group>";
		};
		BC5B5093213A6C3F00120BE1 /* Frameworks */ = {
			isa = PBXGroup;
			children = (
				BC5B50D8213CD16D00120BE1 /* SystemConfiguration.framework */,
				BC5B50A0213A6C9200120BE1 /* UIKit.framework */,
				BC5B509E213A6C8600120BE1 /* Foundation.framework */,
				BC5B509C213A6C7100120BE1 /* CoreGraphics.framework */,
				BC5B509A213A6C6100120BE1 /* QuartzCore.framework */,
				BC5B5098213A6C5700120BE1 /* CoreLocation.framework */,
				BC5B5096213A6C4900120BE1 /* MapKit.framework */,
				BC5B5094213A6C4000120BE1 /* MobileCoreServices.framework */,
			);
			name = Frameworks;
			sourceTree = "<group>";
		};
/* End PBXGroup section */

/* Begin PBXNativeTarget section */
		BC5B4FC6213A601D00120BE1 /* ChatRobot */ = {
			isa = PBXNativeTarget;
			buildConfigurationList = BC5B4FF3213A602000120BE1 /* Build configuration list for PBXNativeTarget "ChatRobot" */;
			buildPhases = (
				BC5B4FC3213A601D00120BE1 /* Sources */,
				BC5B4FC4213A601D00120BE1 /* Frameworks */,
				BC5B4FC5213A601D00120BE1 /* Resources */,
			);
			buildRules = (
			);
			dependencies = (
			);
			name = ChatRobot;
			productName = ChatRobot;
			productReference = BC5B4FC7213A601D00120BE1 /* ChatRobot.app */;
			productType = "com.apple.product-type.application";
		};
		BC5B4FDE213A602000120BE1 /* ChatRobotTests */ = {
			isa = PBXNativeTarget;
			buildConfigurationList = BC5B4FF6213A602000120BE1 /* Build configuration list for PBXNativeTarget "ChatRobotTests" */;
			buildPhases = (
				BC5B4FDB213A602000120BE1 /* Sources */,
				BC5B4FDC213A602000120BE1 /* Frameworks */,
				BC5B4FDD213A602000120BE1 /* Resources */,
			);
			buildRules = (
			);
			dependencies = (
				BC5B4FE1213A602000120BE1 /* PBXTargetDependency */,
			);
			name = ChatRobotTests;
			productName = ChatRobotTests;
			productReference = BC5B4FDF213A602000120BE1 /* ChatRobotTests.xctest */;
			productType = "com.apple.product-type.bundle.unit-test";
		};
		BC5B4FE9213A602000120BE1 /* ChatRobotUITests */ = {
			isa = PBXNativeTarget;
			buildConfigurationList = BC5B4FF9213A602000120BE1 /* Build configuration list for PBXNativeTarget "ChatRobotUITests" */;
			buildPhases = (
				BC5B4FE6213A602000120BE1 /* Sources */,
				BC5B4FE7213A602000120BE1 /* Frameworks */,
				BC5B4FE8213A602000120BE1 /* Resources */,
			);
			buildRules = (
			);
			dependencies = (
				BC5B4FEC213A602000120BE1 /* PBXTargetDependency */,
			);
			name = ChatRobotUITests;
			productName = ChatRobotUITests;
			productReference = BC5B4FEA213A602000120BE1 /* ChatRobotUITests.xctest */;
			productType = "com.apple.product-type.bundle.ui-testing";
		};
/* End PBXNativeTarget section */

/* Begin PBXProject section */
		BC5B4FBF213A601D00120BE1 /* Project object */ = {
			isa = PBXProject;
			attributes = {
				LastUpgradeCheck = 0940;
				ORGANIZATIONNAME = cxx;
				TargetAttributes = {
					BC5B4FC6213A601D00120BE1 = {
						CreatedOnToolsVersion = 9.4.1;
					};
					BC5B4FDE213A602000120BE1 = {
						CreatedOnToolsVersion = 9.4.1;
						TestTargetID = BC5B4FC6213A601D00120BE1;
					};
					BC5B4FE9213A602000120BE1 = {
						CreatedOnToolsVersion = 9.4.1;
						TestTargetID = BC5B4FC6213A601D00120BE1;
					};
				};
			};
			buildConfigurationList = BC5B4FC2213A601D00120BE1 /* Build configuration list for PBXProject "ChatRobot" */;
			compatibilityVersion = "Xcode 9.3";
			developmentRegion = en;
			hasScannedForEncodings = 0;
			knownRegions = (
				en,
				Base,
			);
			mainGroup = BC5B4FBE213A601D00120BE1;
			productRefGroup = BC5B4FC8213A601D00120BE1 /* Products */;
			projectDirPath = "";
			projectRoot = "";
			targets = (
				BC5B4FC6213A601D00120BE1 /* ChatRobot */,
				BC5B4FDE213A602000120BE1 /* ChatRobotTests */,
				BC5B4FE9213A602000120BE1 /* ChatRobotUITests */,
			);
		};
/* End PBXProject section */

/* Begin PBXResourcesBuildPhase section */
		BC5B4FC5213A601D00120BE1 /* Resources */ = {
			isa = PBXResourcesBuildPhase;
			buildActionMask = 2147483647;
			files = (
				BC5B4FD7213A602000120BE1 /* LaunchScreen.storyboard in Resources */,
				BC5B5087213A62D500120BE1 /* JSQMessagesAssets.bundle in Resources */,
				BC5B507A213A62D500120BE1 /* JSQMessagesTypingIndicatorFooterView.xib in Resources */,
				BC5B4FD4213A602000120BE1 /* Assets.xcassets in Resources */,
				BC5B5081213A62D500120BE1 /* JSQMessagesToolbarContentView.xib in Resources */,
				BC5B4FD2213A601D00120BE1 /* Main.storyboard in Resources */,
				BC5B5079213A62D500120BE1 /* JSQMessagesCollectionViewCellOutgoing.xib in Resources */,
				BC5B5078213A62D500120BE1 /* JSQMessagesLoadEarlierHeaderView.xib in Resources */,
				BC5B5074213A62D500120BE1 /* JSQMessagesViewController.xib in Resources */,
				BC5B5086213A62D500120BE1 /* JSQMessagesCollectionViewCellIncoming.xib in Resources */,
			);
			runOnlyForDeploymentPostprocessing = 0;
		};
		BC5B4FDD213A602000120BE1 /* Resources */ = {
			isa = PBXResourcesBuildPhase;
			buildActionMask = 2147483647;
			files = (
			);
			runOnlyForDeploymentPostprocessing = 0;
		};
		BC5B4FE8213A602000120BE1 /* Resources */ = {
			isa = PBXResourcesBuildPhase;
			buildActionMask = 2147483647;
			files = (
			);
			runOnlyForDeploymentPostprocessing = 0;
		};
/* End PBXResourcesBuildPhase section */

/* Begin PBXSourcesBuildPhase section */
		BC5B4FC3213A601D00120BE1 /* Sources */ = {
			isa = PBXSourcesBuildPhase;
			buildActionMask = 2147483647;
			files = (
				BC5B50A4213A847500120BE1 /* TuLinAPINet.m in Sources */,
				BC5B4FDA213A602000120BE1 /* main.m in Sources */,
				BC5B507D213A62D500120BE1 /* JSQMessagesTypingIndicatorFooterView.m in Sources */,
				BC5B5076213A62D500120BE1 /* JSQMessagesToolbarContentView.m in Sources */,
				BC5B5075213A62D500120BE1 /* JSQMessagesComposerTextView.m in Sources */,
				BC5B506E213A62D500120BE1 /* JSQMessagesBubbleImage.m in Sources */,
				BC5B508A213A62D500120BE1 /* NSBundle+JSQMessages.m in Sources */,
				BC5B506B213A62D500120BE1 /* JSQAudioMediaItem.m in Sources */,
				BC5B506A213A62D500120BE1 /* JSQMessagesMediaViewBubbleImageMasker.m in Sources */,
				BC5B5082213A62D500120BE1 /* JSQMessagesCollectionViewCell.m in Sources */,
				BC5B5070213A62D500120BE1 /* JSQMessage.m in Sources */,
				BC5B5066213A62D500120BE1 /* JSQMessagesAvatarImageFactory.m in Sources */,
				BC5B5080213A62D500120BE1 /* JSQMessagesCellTextView.m in Sources */,
				BC5B5071213A62D500120BE1 /* JSQMediaItem.m in Sources */,
				BC5B5068213A62D500120BE1 /* JSQMessagesVideoThumbnailFactory.m in Sources */,
				BC5B5084213A62D500120BE1 /* JSQMessagesCollectionViewCellOutgoing.m in Sources */,
				BC5B5089213A62D500120BE1 /* UIColor+JSQMessages.m in Sources */,
				BC5B508F213A634400120BE1 /* ChatViewController.m in Sources */,
				BC5B4FCC213A601D00120BE1 /* AppDelegate.m in Sources */,
				BC5B5067213A62D500120BE1 /* JSQMessagesToolbarButtonFactory.m in Sources */,
				BC5B507E213A62D500120BE1 /* JSQMessagesLabel.m in Sources */,
				BC5B506D213A62D500120BE1 /* JSQLocationMediaItem.m in Sources */,
				BC5B5088213A62D500120BE1 /* UIImage+JSQMessages.m in Sources */,
				BC5B507F213A62D500120BE1 /* JSQMessagesLoadEarlierHeaderView.m in Sources */,
				BC5B5062213A62D500120BE1 /* JSQAudioMediaViewAttributes.m in Sources */,
				BC5B5063213A62D500120BE1 /* JSQMessagesCollectionViewFlowLayoutInvalidationContext.m in Sources */,
				BC5B5064213A62D500120BE1 /* JSQMessagesCollectionViewFlowLayout.m in Sources */,
				BC5B5069213A62D500120BE1 /* JSQMessagesTimestampFormatter.m in Sources */,
				BC5B508B213A62D500120BE1 /* NSString+JSQMessages.m in Sources */,
				BC5B5073213A62D500120BE1 /* JSQMessagesViewController.m in Sources */,
				BC5B5072213A62D500120BE1 /* JSQVideoMediaItem.m in Sources */,
				BC5B506F213A62D500120BE1 /* JSQPhotoMediaItem.m in Sources */,
				BC5B5060213A62D500120BE1 /* JSQMessagesCollectionViewLayoutAttributes.m in Sources */,
				BC5B507B213A62D500120BE1 /* JSQMessagesInputToolbar.m in Sources */,
				BC5B5092213A640300120BE1 /* ModelData.m in Sources */,
				BC5B5083213A62D500120BE1 /* JSQMessagesCollectionView.m in Sources */,
				BC5B508C213A62D500120BE1 /* UIView+JSQMessages.m in Sources */,
				BC5B5061213A62D500120BE1 /* JSQMessagesBubblesSizeCalculator.m in Sources */,
				BC5B507C213A62D500120BE1 /* JSQMessagesCollectionViewCellIncoming.m in Sources */,
				BC5B506C213A62D500120BE1 /* JSQMessagesAvatarImage.m in Sources */,
				BC5B5065213A62D500120BE1 /* JSQMessagesBubbleImageFactory.m in Sources */,
				BC5B5077213A62D500120BE1 /* JSQMessagesMediaPlaceholderView.m in Sources */,
				BC5B5085213A62D500120BE1 /* JSQMessagesTypingView.m in Sources */,
			);
			runOnlyForDeploymentPostprocessing = 0;
		};
		BC5B4FDB213A602000120BE1 /* Sources */ = {
			isa = PBXSourcesBuildPhase;
			buildActionMask = 2147483647;
			files = (
				BC5B4FE4213A602000120BE1 /* ChatRobotTests.m in Sources */,
			);
			runOnlyForDeploymentPostprocessing = 0;
		};
		BC5B4FE6213A602000120BE1 /* Sources */ = {
			isa = PBXSourcesBuildPhase;
			buildActionMask = 2147483647;
			files = (
				BC5B4FEF213A602000120BE1 /* ChatRobotUITests.m in Sources */,
			);
			runOnlyForDeploymentPostprocessing = 0;
		};
/* End PBXSourcesBuildPhase section */

/* Begin PBXTargetDependency section */
		BC5B4FE1213A602000120BE1 /* PBXTargetDependency */ = {
			isa = PBXTargetDependency;
			target = BC5B4FC6213A601D00120BE1 /* ChatRobot */;
			targetProxy = BC5B4FE0213A602000120BE1 /* PBXContainerItemProxy */;
		};
		BC5B4FEC213A602000120BE1 /* PBXTargetDependency */ = {
			isa = PBXTargetDependency;
			target = BC5B4FC6213A601D00120BE1 /* ChatRobot */;
			targetProxy = BC5B4FEB213A602000120BE1 /* PBXContainerItemProxy */;
		};
/* End PBXTargetDependency section */

/* Begin PBXVariantGroup section */
		BC5B4FD0213A601D00120BE1 /* Main.storyboard */ = {
			isa = PBXVariantGroup;
			children = (
				BC5B4FD1213A601D00120BE1 /* Base */,
			);
			name = Main.storyboard;
			sourceTree = "<group>";
		};
		BC5B4FD5213A602000120BE1 /* LaunchScreen.storyboard */ = {
			isa = PBXVariantGroup;
			children = (
				BC5B4FD6213A602000120BE1 /* Base */,
			);
			name = LaunchScreen.storyboard;
			sourceTree = "<group>";
		};
/* End PBXVariantGroup section */

/* Begin XCBuildConfiguration section */
		BC5B4FF1213A602000120BE1 /* Debug */ = {
			isa = XCBuildConfiguration;
			buildSettings = {
				ALWAYS_SEARCH_USER_PATHS = NO;
				CLANG_ANALYZER_NONNULL = YES;
				CLANG_ANALYZER_NUMBER_OBJECT_CONVERSION = YES_AGGRESSIVE;
				CLANG_CXX_LANGUAGE_STANDARD = "gnu++14";
				CLANG_CXX_LIBRARY = "libc++";
				CLANG_ENABLE_MODULES = YES;
				CLANG_ENABLE_OBJC_ARC = YES;
				CLANG_ENABLE_OBJC_WEAK = YES;
				CLANG_WARN_BLOCK_CAPTURE_AUTORELEASING = YES;
				CLANG_WARN_BOOL_CONVERSION = YES;
				CLANG_WARN_COMMA = YES;
				CLANG_WARN_CONSTANT_CONVERSION = YES;
				CLANG_WARN_DEPRECATED_OBJC_IMPLEMENTATIONS = YES;
				CLANG_WARN_DIRECT_OBJC_ISA_USAGE = YES_ERROR;
				CLANG_WARN_DOCUMENTATION_COMMENTS = YES;
				CLANG_WARN_EMPTY_BODY = YES;
				CLANG_WARN_ENUM_CONVERSION = YES;
				CLANG_WARN_INFINITE_RECURSION = YES;
				CLANG_WARN_INT_CONVERSION = YES;
				CLANG_WARN_NON_LITERAL_NULL_CONVERSION = YES;
				CLANG_WARN_OBJC_IMPLICIT_RETAIN_SELF = YES;
				CLANG_WARN_OBJC_LITERAL_CONVERSION = YES;
				CLANG_WARN_OBJC_ROOT_CLASS = YES_ERROR;
				CLANG_WARN_RANGE_LOOP_ANALYSIS = YES;
				CLANG_WARN_STRICT_PROTOTYPES = YES;
				CLANG_WARN_SUSPICIOUS_MOVE = YES;
				CLANG_WARN_UNGUARDED_AVAILABILITY = YES_AGGRESSIVE;
				CLANG_WARN_UNREACHABLE_CODE = YES;
				CLANG_WARN__DUPLICATE_METHOD_MATCH = YES;
				CODE_SIGN_IDENTITY = "iPhone Developer";
				COPY_PHASE_STRIP = NO;
				DEBUG_INFORMATION_FORMAT = dwarf;
				ENABLE_STRICT_OBJC_MSGSEND = YES;
				ENABLE_TESTABILITY = YES;
				GCC_C_LANGUAGE_STANDARD = gnu11;
				GCC_DYNAMIC_NO_PIC = NO;
				GCC_NO_COMMON_BLOCKS = YES;
				GCC_OPTIMIZATION_LEVEL = 0;
				GCC_PREPROCESSOR_DEFINITIONS = (
					"DEBUG=1",
					"$(inherited)",
				);
				GCC_WARN_64_TO_32_BIT_CONVERSION = YES;
				GCC_WARN_ABOUT_RETURN_TYPE = YES_ERROR;
				GCC_WARN_UNDECLARED_SELECTOR = YES;
				GCC_WARN_UNINITIALIZED_AUTOS = YES_AGGRESSIVE;
				GCC_WARN_UNUSED_FUNCTION = YES;
				GCC_WARN_UNUSED_VARIABLE = YES;
				IPHONEOS_DEPLOYMENT_TARGET = 11.4;
				MTL_ENABLE_DEBUG_INFO = YES;
				ONLY_ACTIVE_ARCH = YES;
				SDKROOT = iphoneos;
			};
			name = Debug;
		};
		BC5B4FF2213A602000120BE1 /* Release */ = {
			isa = XCBuildConfiguration;
			buildSettings = {
				ALWAYS_SEARCH_USER_PATHS = NO;
				CLANG_ANALYZER_NONNULL = YES;
				CLANG_ANALYZER_NUMBER_OBJECT_CONVERSION = YES_AGGRESSIVE;
				CLANG_CXX_LANGUAGE_STANDARD = "gnu++14";
				CLANG_CXX_LIBRARY = "libc++";
				CLANG_ENABLE_MODULES = YES;
				CLANG_ENABLE_OBJC_ARC = YES;
				CLANG_ENABLE_OBJC_WEAK = YES;
				CLANG_WARN_BLOCK_CAPTURE_AUTORELEASING = YES;
				CLANG_WARN_BOOL_CONVERSION = YES;
				CLANG_WARN_COMMA = YES;
				CLANG_WARN_CONSTANT_CONVERSION = YES;
				CLANG_WARN_DEPRECATED_OBJC_IMPLEMENTATIONS = YES;
				CLANG_WARN_DIRECT_OBJC_ISA_USAGE = YES_ERROR;
				CLANG_WARN_DOCUMENTATION_COMMENTS = YES;
				CLANG_WARN_EMPTY_BODY = YES;
				CLANG_WARN_ENUM_CONVERSION = YES;
				CLANG_WARN_INFINITE_RECURSION = YES;
				CLANG_WARN_INT_CONVERSION = YES;
				CLANG_WARN_NON_LITERAL_NULL_CONVERSION = YES;
				CLANG_WARN_OBJC_IMPLICIT_RETAIN_SELF = YES;
				CLANG_WARN_OBJC_LITERAL_CONVERSION = YES;
				CLANG_WARN_OBJC_ROOT_CLASS = YES_ERROR;
				CLANG_WARN_RANGE_LOOP_ANALYSIS = YES;
				CLANG_WARN_STRICT_PROTOTYPES = YES;
				CLANG_WARN_SUSPICIOUS_MOVE = YES;
				CLANG_WARN_UNGUARDED_AVAILABILITY = YES_AGGRESSIVE;
				CLANG_WARN_UNREACHABLE_CODE = YES;
				CLANG_WARN__DUPLICATE_METHOD_MATCH = YES;
				CODE_SIGN_IDENTITY = "iPhone Developer";
				COPY_PHASE_STRIP = NO;
				DEBUG_INFORMATION_FORMAT = "dwarf-with-dsym";
				ENABLE_NS_ASSERTIONS = NO;
				ENABLE_STRICT_OBJC_MSGSEND = YES;
				GCC_C_LANGUAGE_STANDARD = gnu11;
				GCC_NO_COMMON_BLOCKS = YES;
				GCC_WARN_64_TO_32_BIT_CONVERSION = YES;
				GCC_WARN_ABOUT_RETURN_TYPE = YES_ERROR;
				GCC_WARN_UNDECLARED_SELECTOR = YES;
				GCC_WARN_UNINITIALIZED_AUTOS = YES_AGGRESSIVE;
				GCC_WARN_UNUSED_FUNCTION = YES;
				GCC_WARN_UNUSED_VARIABLE = YES;
				IPHONEOS_DEPLOYMENT_TARGET = 11.4;
				MTL_ENABLE_DEBUG_INFO = NO;
				SDKROOT = iphoneos;
				VALIDATE_PRODUCT = YES;
			};
			name = Release;
		};
		BC5B4FF4213A602000120BE1 /* Debug */ = {
			isa = XCBuildConfiguration;
			buildSettings = {
				ASSETCATALOG_COMPILER_APPICON_NAME = AppIcon;
				CODE_SIGN_STYLE = Automatic;
				DEVELOPMENT_TEAM = 46W34C6727;
				INFOPLIST_FILE = ChatRobot/Info.plist;
				IPHONEOS_DEPLOYMENT_TARGET = 10.0;
				LD_RUNPATH_SEARCH_PATHS = (
					"$(inherited)",
					"@executable_path/Frameworks",
				);
				PRODUCT_BUNDLE_IDENTIFIER = com.fengyajun.ChatRobot;
				PRODUCT_NAME = "$(TARGET_NAME)";
				TARGETED_DEVICE_FAMILY = "1,2";
			};
			name = Debug;
		};
		BC5B4FF5213A602000120BE1 /* Release */ = {
			isa = XCBuildConfiguration;
			buildSettings = {
				ASSETCATALOG_COMPILER_APPICON_NAME = AppIcon;
				CODE_SIGN_STYLE = Automatic;
				DEVELOPMENT_TEAM = 46W34C6727;
				INFOPLIST_FILE = ChatRobot/Info.plist;
				IPHONEOS_DEPLOYMENT_TARGET = 10.0;
				LD_RUNPATH_SEARCH_PATHS = (
					"$(inherited)",
					"@executable_path/Frameworks",
				);
				PRODUCT_BUNDLE_IDENTIFIER = com.fengyajun.ChatRobot;
				PRODUCT_NAME = "$(TARGET_NAME)";
				TARGETED_DEVICE_FAMILY = "1,2";
			};
			name = Release;
		};
		BC5B4FF7213A602000120BE1 /* Debug */ = {
			isa = XCBuildConfiguration;
			buildSettings = {
				BUNDLE_LOADER = "$(TEST_HOST)";
				CODE_SIGN_STYLE = Automatic;
				INFOPLIST_FILE = ChatRobotTests/Info.plist;
				LD_RUNPATH_SEARCH_PATHS = (
					"$(inherited)",
					"@executable_path/Frameworks",
					"@loader_path/Frameworks",
				);
				PRODUCT_BUNDLE_IDENTIFIER = com.fengyajun.ChatRobotTests;
				PRODUCT_NAME = "$(TARGET_NAME)";
				TARGETED_DEVICE_FAMILY = "1,2";
				TEST_HOST = "$(BUILT_PRODUCTS_DIR)/ChatRobot.app/ChatRobot";
			};
			name = Debug;
		};
		BC5B4FF8213A602000120BE1 /* Release */ = {
			isa = XCBuildConfiguration;
			buildSettings = {
				BUNDLE_LOADER = "$(TEST_HOST)";
				CODE_SIGN_STYLE = Automatic;
				INFOPLIST_FILE = ChatRobotTests/Info.plist;
				LD_RUNPATH_SEARCH_PATHS = (
					"$(inherited)",
					"@executable_path/Frameworks",
					"@loader_path/Frameworks",
				);
				PRODUCT_BUNDLE_IDENTIFIER = com.fengyajun.ChatRobotTests;
				PRODUCT_NAME = "$(TARGET_NAME)";
				TARGETED_DEVICE_FAMILY = "1,2";
				TEST_HOST = "$(BUILT_PRODUCTS_DIR)/ChatRobot.app/ChatRobot";
			};
			name = Release;
		};
		BC5B4FFA213A602000120BE1 /* Debug */ = {
			isa = XCBuildConfiguration;
			buildSettings = {
				CODE_SIGN_STYLE = Automatic;
				INFOPLIST_FILE = ChatRobotUITests/Info.plist;
				LD_RUNPATH_SEARCH_PATHS = (
					"$(inherited)",
					"@executable_path/Frameworks",
					"@loader_path/Frameworks",
				);
				PRODUCT_BUNDLE_IDENTIFIER = com.fengyajun.ChatRobotUITests;
				PRODUCT_NAME = "$(TARGET_NAME)";
				TARGETED_DEVICE_FAMILY = "1,2";
				TEST_TARGET_NAME = ChatRobot;
			};
			name = Debug;
		};
		BC5B4FFB213A602000120BE1 /* Release */ = {
			isa = XCBuildConfiguration;
			buildSettings = {
				CODE_SIGN_STYLE = Automatic;
				INFOPLIST_FILE = ChatRobotUITests/Info.plist;
				LD_RUNPATH_SEARCH_PATHS = (
					"$(inherited)",
					"@executable_path/Frameworks",
					"@loader_path/Frameworks",
				);
				PRODUCT_BUNDLE_IDENTIFIER = com.fengyajun.ChatRobotUITests;
				PRODUCT_NAME = "$(TARGET_NAME)";
				TARGETED_DEVICE_FAMILY = "1,2";
				TEST_TARGET_NAME = ChatRobot;
			};
			name = Release;
		};
/* End XCBuildConfiguration section */

/* Begin XCConfigurationList section */
		BC5B4FC2213A601D00120BE1 /* Build configuration list for PBXProject "ChatRobot" */ = {
			isa = XCConfigurationList;
			buildConfigurations = (
				BC5B4FF1213A602000120BE1 /* Debug */,
				BC5B4FF2213A602000120BE1 /* Release */,
			);
			defaultConfigurationIsVisible = 0;
			defaultConfigurationName = Release;
		};
		BC5B4FF3213A602000120BE1 /* Build configuration list for PBXNativeTarget "ChatRobot" */ = {
			isa = XCConfigurationList;
			buildConfigurations = (
				BC5B4FF4213A602000120BE1 /* Debug */,
				BC5B4FF5213A602000120BE1 /* Release */,
			);
			defaultConfigurationIsVisible = 0;
			defaultConfigurationName = Release;
		};
		BC5B4FF6213A602000120BE1 /* Build configuration list for PBXNativeTarget "ChatRobotTests" */ = {
			isa = XCConfigurationList;
			buildConfigurations = (
				BC5B4FF7213A602000120BE1 /* Debug */,
				BC5B4FF8213A602000120BE1 /* Release */,
			);
			defaultConfigurationIsVisible = 0;
			defaultConfigurationName = Release;
		};
		BC5B4FF9213A602000120BE1 /* Build configuration list for PBXNativeTarget "ChatRobotUITests" */ = {
			isa = XCConfigurationList;
			buildConfigurations = (
				BC5B4FFA213A602000120BE1 /* Debug */,
				BC5B4FFB213A602000120BE1 /* Release */,
			);
			defaultConfigurationIsVisible = 0;
			defaultConfigurationName = Release;
		};
/* End XCConfigurationList section */
	};
	rootObject = BC5B4FBF213A601D00120BE1 /* Project object */;
}
